
Microsoft Visual Studio Solution File, Format Version 12.00
# Visual Studio 14
VisualStudioVersion = 14.0.25420.1
MinimumVisualStudioVersion = 10.0.40219.1
Project("{FAE04EC0-301F-11D3-BF4B-00C04F79EFBC}") = "Gas Station Database Management System", "Gas Station Database Management System\Gas Station Database Management System.csproj", "{9337BD3D-7B32-41A4-8EB9-73767A3F4E34}"
EndProject
Global
	GlobalSection(SolutionConfigurationPlatforms) = preSolution
		Debug|Any CPU = Debug|Any CPU
		Release|Any CPU = Release|Any CPU
	EndGlobalSection
	GlobalSection(ProjectConfigurationPlatforms) = postSolution
		{9337BD3D-7B32-41A4-8EB9-73767A3F4E34}.Debug|Any CPU.ActiveCfg = Debug|Any CPU
		{9337BD3D-7B32-41A4-8EB9-73767A3F4E34}.Debug|Any CPU.Build.0 = Debug|Any CPU
		{9337BD3D-7B32-41A4-8EB9-73767A3F4E34}.Release|Any CPU.ActiveCfg = Release|Any CPU
		{9337BD3D-7B32-41A4-8EB9-73767A3F4E34}.Release|Any CPU.Build.0 = Release|Any CPU
	EndGlobalSection
	GlobalSection(SolutionProperties) = preSolution
		HideSolutionNode = FALSE
	EndGlobalSection
EndGlobal
